// !$*UTF8*$!
{
	archiveVersion = 1;
	classes = {
	};
	objectVersion = 50;
	objects = {

/* Begin PBXBuildFile section */
		3DB8595C24F42D0600FD47B4 /* AppDelegate.swift in Sources */ = {isa = PBXBuildFile; fileRef = 3DB8595B24F42D0600FD47B4 /* AppDelegate.swift */; };
		3DB8595E24F42D0600FD47B4 /* SceneDelegate.swift in Sources */ = {isa = PBXBuildFile; fileRef = 3DB8595D24F42D0600FD47B4 /* SceneDelegate.swift */; };
		3DB8596024F42D0600FD47B4 /* ViewController.swift in Sources */ = {isa = PBXBuildFile; fileRef = 3DB8595F24F42D0600FD47B4 /* ViewController.swift */; };
		3DB8596324F42D0600FD47B4 /* Main.storyboard in Resources */ = {isa = PBXBuildFile; fileRef = 3DB8596124F42D0600FD47B4 /* Main.storyboard */; };
		3DB8596524F42D0800FD47B4 /* Assets.xcassets in Resources */ = {isa = PBXBuildFile; fileRef = 3DB8596424F42D0800FD47B4 /* Assets.xcassets */; };
		3DB8596824F42D0800FD47B4 /* LaunchScreen.storyboard in Resources */ = {isa = PBXBuildFile; fileRef = 3DB8596624F42D0800FD47B4 /* LaunchScreen.storyboard */; };
		3DB8597324F42D0800FD47B4 /* ProposalDaisakusenTests.swift in Sources */ = {isa = PBXBuildFile; fileRef = 3DB8597224F42D0800FD47B4 /* ProposalDaisakusenTests.swift */; };
		3DB8597E24F42D0800FD47B4 /* ProposalDaisakusenUITests.swift in Sources */ = {isa = PBXBuildFile; fileRef = 3DB8597D24F42D0800FD47B4 /* ProposalDaisakusenUITests.swift */; };
/* End PBXBuildFile section */

/* Begin PBXContainerItemProxy section */
		3DB8596F24F42D0800FD47B4 /* PBXContainerItemProxy */ = {
			isa = PBXContainerItemProxy;
			containerPortal = 3DB8595024F42D0600FD47B4 /* Project object */;
			proxyType = 1;
			remoteGlobalIDString = 3DB8595724F42D0600FD47B4;
			remoteInfo = ProposalDaisakusen;
		};
		3DB8597A24F42D0800FD47B4 /* PBXContainerItemProxy */ = {
			isa = PBXContainerItemProxy;
			containerPortal = 3DB8595024F42D0600FD47B4 /* Project object */;
			proxyType = 1;
			remoteGlobalIDString = 3DB8595724F42D0600FD47B4;
			remoteInfo = ProposalDaisakusen;
		};
/* End PBXContainerItemProxy section */

/* Begin PBXFileReference section */
		3DB8595824F42D0600FD47B4 /* ProposalDaisakusen.app */ = {isa = PBXFileReference; explicitFileType = wrapper.application; includeInIndex = 0; path = ProposalDaisakusen.app; sourceTree = BUILT_PRODUCTS_DIR; };
		3DB8595B24F42D0600FD47B4 /* AppDelegate.swift */ = {isa = PBXFileReference; lastKnownFileType = sourcecode.swift; path = AppDelegate.swift; sourceTree = "<group>"; };
		3DB8595D24F42D0600FD47B4 /* SceneDelegate.swift */ = {isa = PBXFileReference; lastKnownFileType = sourcecode.swift; path = SceneDelegate.swift; sourceTree = "<group>"; };
		3DB8595F24F42D0600FD47B4 /* ViewController.swift */ = {isa = PBXFileReference; lastKnownFileType = sourcecode.swift; path = ViewController.swift; sourceTree = "<group>"; };
		3DB8596224F42D0600FD47B4 /* Base */ = {isa = PBXFileReference; lastKnownFileType = file.storyboard; name = Base; path = Base.lproj/Main.storyboard; sourceTree = "<group>"; };
		3DB8596424F42D0800FD47B4 /* Assets.xcassets */ = {isa = PBXFileReference; lastKnownFileType = folder.assetcatalog; path = Assets.xcassets; sourceTree = "<group>"; };
		3DB8596724F42D0800FD47B4 /* Base */ = {isa = PBXFileReference; lastKnownFileType = file.storyboard; name = Base; path = Base.lproj/LaunchScreen.storyboard; sourceTree = "<group>"; };
		3DB8596924F42D0800FD47B4 /* Info.plist */ = {isa = PBXFileReference; lastKnownFileType = text.plist.xml; path = Info.plist; sourceTree = "<group>"; };
		3DB8596E24F42D0800FD47B4 /* ProposalDaisakusenTests.xctest */ = {isa = PBXFileReference; explicitFileType = wrapper.cfbundle; includeInIndex = 0; path = ProposalDaisakusenTests.xctest; sourceTree = BUILT_PRODUCTS_DIR; };
		3DB8597224F42D0800FD47B4 /* ProposalDaisakusenTests.swift */ = {isa = PBXFileReference; lastKnownFileType = sourcecode.swift; path = ProposalDaisakusenTests.swift; sourceTree = "<group>"; };
		3DB8597424F42D0800FD47B4 /* Info.plist */ = {isa = PBXFileReference; lastKnownFileType = text.plist.xml; path = Info.plist; sourceTree = "<group>"; };
		3DB8597924F42D0800FD47B4 /* ProposalDaisakusenUITests.xctest */ = {isa = PBXFileReference; explicitFileType = wrapper.cfbundle; includeInIndex = 0; path = ProposalDaisakusenUITests.xctest; sourceTree = BUILT_PRODUCTS_DIR; };
		3DB8597D24F42D0800FD47B4 /* ProposalDaisakusenUITests.swift */ = {isa = PBXFileReference; lastKnownFileType = sourcecode.swift; path = ProposalDaisakusenUITests.swift; sourceTree = "<group>"; };
		3DB8597F24F42D0800FD47B4 /* Info.plist */ = {isa = PBXFileReference; lastKnownFileType = text.plist.xml; path = Info.plist; sourceTree = "<group>"; };
/* End PBXFileReference section */

/* Begin PBXFrameworksBuildPhase section */
		3DB8595524F42D0600FD47B4 /* Frameworks */ = {
			isa = PBXFrameworksBuildPhase;
			buildActionMask = 2147483647;
			files = (
			);
			runOnlyForDeploymentPostprocessing = 0;
		};
		3DB8596B24F42D0800FD47B4 /* Frameworks */ = {
			isa = PBXFrameworksBuildPhase;
			buildActionMask = 2147483647;
			files = (
			);
			runOnlyForDeploymentPostprocessing = 0;
		};
		3DB8597624F42D0800FD47B4 /* Frameworks */ = {
			isa = PBXFrameworksBuildPhase;
			buildActionMask = 2147483647;
			files = (
			);
			runOnlyForDeploymentPostprocessing = 0;
		};
/* End PBXFrameworksBuildPhase section */

/* Begin PBXGroup section */
		3DB8594F24F42D0600FD47B4 = {
			isa = PBXGroup;
			children = (
				3DB8595A24F42D0600FD47B4 /* ProposalDaisakusen */,
				3DB8597124F42D0800FD47B4 /* ProposalDaisakusenTests */,
				3DB8597C24F42D0800FD47B4 /* ProposalDaisakusenUITests */,
				3DB8595924F42D0600FD47B4 /* Products */,
			);
			sourceTree = "<group>";
		};
		3DB8595924F42D0600FD47B4 /* Products */ = {
			isa = PBXGroup;
			children = (
				3DB8595824F42D0600FD47B4 /* ProposalDaisakusen.app */,
				3DB8596E24F42D0800FD47B4 /* ProposalDaisakusenTests.xctest */,
				3DB8597924F42D0800FD47B4 /* ProposalDaisakusenUITests.xctest */,
			);
			name = Products;
			sourceTree = "<group>";
		};
		3DB8595A24F42D0600FD47B4 /* ProposalDaisakusen */ = {
			isa = PBXGroup;
			children = (
				3DB8595B24F42D0600FD47B4 /* AppDelegate.swift */,
				3DB8595D24F42D0600FD47B4 /* SceneDelegate.swift */,
				3DB8595F24F42D0600FD47B4 /* ViewController.swift */,
				3DB8596124F42D0600FD47B4 /* Main.storyboard */,
				3DB8596424F42D0800FD47B4 /* Assets.xcassets */,
				3DB8596624F42D0800FD47B4 /* LaunchScreen.storyboard */,
				3DB8596924F42D0800FD47B4 /* Info.plist */,
			);
			path = ProposalDaisakusen;
			sourceTree = "<group>";
		};
		3DB8597124F42D0800FD47B4 /* ProposalDaisakusenTests */ = {
			isa = PBXGroup;
			children = (
				3DB8597224F42D0800FD47B4 /* ProposalDaisakusenTests.swift */,
				3DB8597424F42D0800FD47B4 /* Info.plist */,
			);
			path = ProposalDaisakusenTests;
			sourceTree = "<group>";
		};
		3DB8597C24F42D0800FD47B4 /* ProposalDaisakusenUITests */ = {
			isa = PBXGroup;
			children = (
				3DB8597D24F42D0800FD47B4 /* ProposalDaisakusenUITests.swift */,
				3DB8597F24F42D0800FD47B4 /* Info.plist */,
			);
			path = ProposalDaisakusenUITests;
			sourceTree = "<group>";
		};
/* End PBXGroup section */

/* Begin PBXNativeTarget section */
		3DB8595724F42D0600FD47B4 /* ProposalDaisakusen */ = {
			isa = PBXNativeTarget;
			buildConfigurationList = 3DB8598224F42D0800FD47B4 /* Build configuration list for PBXNativeTarget "ProposalDaisakusen" */;
			buildPhases = (
				3DB8595424F42D0600FD47B4 /* Sources */,
				3DB8595524F42D0600FD47B4 /* Frameworks */,
				3DB8595624F42D0600FD47B4 /* Resources */,
			);
			buildRules = (
			);
			dependencies = (
			);
			name = ProposalDaisakusen;
			productName = ProposalDaisakusen;
			productReference = 3DB8595824F42D0600FD47B4 /* ProposalDaisakusen.app */;
			productType = "com.apple.product-type.application";
		};
		3DB8596D24F42D0800FD47B4 /* ProposalDaisakusenTests */ = {
			isa = PBXNativeTarget;
			buildConfigurationList = 3DB8598524F42D0800FD47B4 /* Build configuration list for PBXNativeTarget "ProposalDaisakusenTests" */;
			buildPhases = (
				3DB8596A24F42D0800FD47B4 /* Sources */,
				3DB8596B24F42D0800FD47B4 /* Frameworks */,
				3DB8596C24F42D0800FD47B4 /* Resources */,
			);
			buildRules = (
			);
			dependencies = (
				3DB8597024F42D0800FD47B4 /* PBXTargetDependency */,
			);
			name = ProposalDaisakusenTests;
			productName = ProposalDaisakusenTests;
			productReference = 3DB8596E24F42D0800FD47B4 /* ProposalDaisakusenTests.xctest */;
			productType = "com.apple.product-type.bundle.unit-test";
		};
		3DB8597824F42D0800FD47B4 /* ProposalDaisakusenUITests */ = {
			isa = PBXNativeTarget;
			buildConfigurationList = 3DB8598824F42D0800FD47B4 /* Build configuration list for PBXNativeTarget "ProposalDaisakusenUITests" */;
			buildPhases = (
				3DB8597524F42D0800FD47B4 /* Sources */,
				3DB8597624F42D0800FD47B4 /* Frameworks */,
				3DB8597724F42D0800FD47B4 /* Resources */,
			);
			buildRules = (
			);
			dependencies = (
				3DB8597B24F42D0800FD47B4 /* PBXTargetDependency */,
			);
			name = ProposalDaisakusenUITests;
			productName = ProposalDaisakusenUITests;
			productReference = 3DB8597924F42D0800FD47B4 /* ProposalDaisakusenUITests.xctest */;
			productType = "com.apple.product-type.bundle.ui-testing";
		};
/* End PBXNativeTarget section */

/* Begin PBXProject section */
		3DB8595024F42D0600FD47B4 /* Project object */ = {
			isa = PBXProject;
			attributes = {
				LastSwiftUpdateCheck = 1120;
				LastUpgradeCheck = 1120;
				ORGANIZATIONNAME = suckerl;
				TargetAttributes = {
					3DB8595724F42D0600FD47B4 = {
						CreatedOnToolsVersion = 11.2.1;
					};
					3DB8596D24F42D0800FD47B4 = {
						CreatedOnToolsVersion = 11.2.1;
						TestTargetID = 3DB8595724F42D0600FD47B4;
					};
					3DB8597824F42D0800FD47B4 = {
						CreatedOnToolsVersion = 11.2.1;
						TestTargetID = 3DB8595724F42D0600FD47B4;
					};
				};
			};
			buildConfigurationList = 3DB8595324F42D0600FD47B4 /* Build configuration list for PBXProject "ProposalDaisakusen" */;
			compatibilityVersion = "Xcode 9.3";
			developmentRegion = en;
			hasScannedForEncodings = 0;
			knownRegions = (
				en,
				Base,
			);
			mainGroup = 3DB8594F24F42D0600FD47B4;
			productRefGroup = 3DB8595924F42D0600FD47B4 /* Products */;
			projectDirPath = "";
			projectRoot = "";
			targets = (
				3DB8595724F42D0600FD47B4 /* ProposalDaisakusen */,
				3DB8596D24F42D0800FD47B4 /* ProposalDaisakusenTests */,
				3DB8597824F42D0800FD47B4 /* ProposalDaisakusenUITests */,
			);
		};
/* End PBXProject section */

/* Begin PBXResourcesBuildPhase section */
		3DB8595624F42D0600FD47B4 /* Resources */ = {
			isa = PBXResourcesBuildPhase;
			buildActionMask = 2147483647;
			files = (
				3DB8596824F42D0800FD47B4 /* LaunchScreen.storyboard in Resources */,
				3DB8596524F42D0800FD47B4 /* Assets.xcassets in Resources */,
				3DB8596324F42D0600FD47B4 /* Main.storyboard in Resources */,
			);
			runOnlyForDeploymentPostprocessing = 0;
		};
		3DB8596C24F42D0800FD47B4 /* Resources */ = {
			isa = PBXResourcesBuildPhase;
			buildActionMask = 2147483647;
			files = (
			);
			runOnlyForDeploymentPostprocessing = 0;
		};
		3DB8597724F42D0800FD47B4 /* Resources */ = {
			isa = PBXResourcesBuildPhase;
			buildActionMask = 2147483647;
			files = (
			);
			runOnlyForDeploymentPostprocessing = 0;
		};
/* End PBXResourcesBuildPhase section */

/* Begin PBXSourcesBuildPhase section */
		3DB8595424F42D0600FD47B4 /* Sources */ = {
			isa = PBXSourcesBuildPhase;
			buildActionMask = 2147483647;
			files = (
				3DB8596024F42D0600FD47B4 /* ViewController.swift in Sources */,
				3DB8595C24F42D0600FD47B4 /* AppDelegate.swift in Sources */,
				3DB8595E24F42D0600FD47B4 /* SceneDelegate.swift in Sources */,
			);
			runOnlyForDeploymentPostprocessing = 0;
		};
		3DB8596A24F42D0800FD47B4 /* Sources */ = {
			isa = PBXSourcesBuildPhase;
			buildActionMask = 2147483647;
			files = (
				3DB8597324F42D0800FD47B4 /* ProposalDaisakusenTests.swift in Sources */,
			);
			runOnlyForDeploymentPostprocessing = 0;
		};
		3DB8597524F42D0800FD47B4 /* Sources */ = {
			isa = PBXSourcesBuildPhase;
			buildActionMask = 2147483647;
			files = (
				3DB8597E24F42D0800FD47B4 /* ProposalDaisakusenUITests.swift in Sources */,
			);
			runOnlyForDeploymentPostprocessing = 0;
		};
/* End PBXSourcesBuildPhase section */

/* Begin PBXTargetDependency section */
		3DB8597024F42D0800FD47B4 /* PBXTargetDependency */ = {
			isa = PBXTargetDependency;
			target = 3DB8595724F42D0600FD47B4 /* ProposalDaisakusen */;
			targetProxy = 3DB8596F24F42D0800FD47B4 /* PBXContainerItemProxy */;
		};
		3DB8597B24F42D0800FD47B4 /* PBXTargetDependency */ = {
			isa = PBXTargetDependency;
			target = 3DB8595724F42D0600FD47B4 /* ProposalDaisakusen */;
			targetProxy = 3DB8597A24F42D0800FD47B4 /* PBXContainerItemProxy */;
		};
/* End PBXTargetDependency section */

/* Begin PBXVariantGroup section */
		3DB8596124F42D0600FD47B4 /* Main.storyboard */ = {
			isa = PBXVariantGroup;
			children = (
				3DB8596224F42D0600FD47B4 /* Base */,
			);
			name = Main.storyboard;
			sourceTree = "<group>";
		};
		3DB8596624F42D0800FD47B4 /* LaunchScreen.storyboard */ = {
			isa = PBXVariantGroup;
			children = (
				3DB8596724F42D0800FD47B4 /* Base */,
			);
			name = LaunchScreen.storyboard;
			sourceTree = "<group>";
		};
/* End PBXVariantGroup section */

/* Begin XCBuildConfiguration section */
		3DB8598024F42D0800FD47B4 /* Debug */ = {
			isa = XCBuildConfiguration;
			buildSettings = {
				ALWAYS_SEARCH_USER_PATHS = NO;
				CLANG_ANALYZER_NONNULL = YES;
				CLANG_ANALYZER_NUMBER_OBJECT_CONVERSION = YES_AGGRESSIVE;
				CLANG_CXX_LANGUAGE_STANDARD = "gnu++14";
				CLANG_CXX_LIBRARY = "libc++";
				CLANG_ENABLE_MODULES = YES;
				CLANG_ENABLE_OBJC_ARC = YES;
				CLANG_ENABLE_OBJC_WEAK = YES;
				CLANG_WARN_BLOCK_CAPTURE_AUTORELEASING = YES;
				CLANG_WARN_BOOL_CONVERSION = YES;
				CLANG_WARN_COMMA = YES;
				CLANG_WARN_CONSTANT_CONVERSION = YES;
				CLANG_WARN_DEPRECATED_OBJC_IMPLEMENTATIONS = YES;
				CLANG_WARN_DIRECT_OBJC_ISA_USAGE = YES_ERROR;
				CLANG_WARN_DOCUMENTATION_COMMENTS = YES;
				CLANG_WARN_EMPTY_BODY = YES;
				CLANG_WARN_ENUM_CONVERSION = YES;
				CLANG_WARN_INFINITE_RECURSION = YES;
				CLANG_WARN_INT_CONVERSION = YES;
				CLANG_WARN_NON_LITERAL_NULL_CONVERSION = YES;
				CLANG_WARN_OBJC_IMPLICIT_RETAIN_SELF = YES;
				CLANG_WARN_OBJC_LITERAL_CONVERSION = YES;
				CLANG_WARN_OBJC_ROOT_CLASS = YES_ERROR;
				CLANG_WARN_RANGE_LOOP_ANALYSIS = YES;
				CLANG_WARN_STRICT_PROTOTYPES = YES;
				CLANG_WARN_SUSPICIOUS_MOVE = YES;
				CLANG_WARN_UNGUARDED_AVAILABILITY = YES_AGGRESSIVE;
				CLANG_WARN_UNREACHABLE_CODE = YES;
				CLANG_WARN__DUPLICATE_METHOD_MATCH = YES;
				COPY_PHASE_STRIP = NO;
				DEBUG_INFORMATION_FORMAT = dwarf;
				ENABLE_STRICT_OBJC_MSGSEND = YES;
				ENABLE_TESTABILITY = YES;
				GCC_C_LANGUAGE_STANDARD = gnu11;
				GCC_DYNAMIC_NO_PIC = NO;
				GCC_NO_COMMON_BLOCKS = YES;
				GCC_OPTIMIZATION_LEVEL = 0;
				GCC_PREPROCESSOR_DEFINITIONS = (
					"DEBUG=1",
					"$(inherited)",
				);
				GCC_WARN_64_TO_32_BIT_CONVERSION = YES;
				GCC_WARN_ABOUT_RETURN_TYPE = YES_ERROR;
				GCC_WARN_UNDECLARED_SELECTOR = YES;
				GCC_WARN_UNINITIALIZED_AUTOS = YES_AGGRESSIVE;
				GCC_WARN_UNUSED_FUNCTION = YES;
				GCC_WARN_UNUSED_VARIABLE = YES;
				IPHONEOS_DEPLOYMENT_TARGET = 13.2;
				MTL_ENABLE_DEBUG_INFO = INCLUDE_SOURCE;
				MTL_FAST_MATH = YES;
				ONLY_ACTIVE_ARCH = YES;
				SDKROOT = iphoneos;
				SWIFT_ACTIVE_COMPILATION_CONDITIONS = DEBUG;
				SWIFT_OPTIMIZATION_LEVEL = "-Onone";
			};
			name = Debug;
		};
		3DB8598124F42D0800FD47B4 /* Release */ = {
			isa = XCBuildConfiguration;
			buildSettings = {
				ALWAYS_SEARCH_USER_PATHS = NO;
				CLANG_ANALYZER_NONNULL = YES;
				CLANG_ANALYZER_NUMBER_OBJECT_CONVERSION = YES_AGGRESSIVE;
				CLANG_CXX_LANGUAGE_STANDARD = "gnu++14";
				CLANG_CXX_LIBRARY = "libc++";
				CLANG_ENABLE_MODULES = YES;
				CLANG_ENABLE_OBJC_ARC = YES;
				CLANG_ENABLE_OBJC_WEAK = YES;
				CLANG_WARN_BLOCK_CAPTURE_AUTORELEASING = YES;
				CLANG_WARN_BOOL_CONVERSION = YES;
				CLANG_WARN_COMMA = YES;
				CLANG_WARN_CONSTANT_CONVERSION = YES;
				CLANG_WARN_DEPRECATED_OBJC_IMPLEMENTATIONS = YES;
				CLANG_WARN_DIRECT_OBJC_ISA_USAGE = YES_ERROR;
				CLANG_WARN_DOCUMENTATION_COMMENTS = YES;
				CLANG_WARN_EMPTY_BODY = YES;
				CLANG_WARN_ENUM_CONVERSION = YES;
				CLANG_WARN_INFINITE_RECURSION = YES;
				CLANG_WARN_INT_CONVERSION = YES;
				CLANG_WARN_NON_LITERAL_NULL_CONVERSION = YES;
				CLANG_WARN_OBJC_IMPLICIT_RETAIN_SELF = YES;
				CLANG_WARN_OBJC_LITERAL_CONVERSION = YES;
				CLANG_WARN_OBJC_ROOT_CLASS = YES_ERROR;
				CLANG_WARN_RANGE_LOOP_ANALYSIS = YES;
				CLANG_WARN_STRICT_PROTOTYPES = YES;
				CLANG_WARN_SUSPICIOUS_MOVE = YES;
				CLANG_WARN_UNGUARDED_AVAILABILITY = YES_AGGRESSIVE;
				CLANG_WARN_UNREACHABLE_CODE = YES;
				CLANG_WARN__DUPLICATE_METHOD_MATCH = YES;
				COPY_PHASE_STRIP = NO;
				DEBUG_INFORMATION_FORMAT = "dwarf-with-dsym";
				ENABLE_NS_ASSERTIONS = NO;
				ENABLE_STRICT_OBJC_MSGSEND = YES;
				GCC_C_LANGUAGE_STANDARD = gnu11;
				GCC_NO_COMMON_BLOCKS = YES;
				GCC_WARN_64_TO_32_BIT_CONVERSION = YES;
				GCC_WARN_ABOUT_RETURN_TYPE = YES_ERROR;
				GCC_WARN_UNDECLARED_SELECTOR = YES;
				GCC_WARN_UNINITIALIZED_AUTOS = YES_AGGRESSIVE;
				GCC_WARN_UNUSED_FUNCTION = YES;
				GCC_WARN_UNUSED_VARIABLE = YES;
				IPHONEOS_DEPLOYMENT_TARGET = 13.2;
				MTL_ENABLE_DEBUG_INFO = NO;
				MTL_FAST_MATH = YES;
				SDKROOT = iphoneos;
				SWIFT_COMPILATION_MODE = wholemodule;
				SWIFT_OPTIMIZATION_LEVEL = "-O";
				VALIDATE_PRODUCT = YES;
			};
			name = Release;
		};
		3DB8598324F42D0800FD47B4 /* Debug */ = {
			isa = XCBuildConfiguration;
			buildSettings = {
				ASSETCATALOG_COMPILER_APPICON_NAME = AppIcon;
				CODE_SIGN_STYLE = Automatic;
				DEVELOPMENT_TEAM = 3D924N92LK;
				INFOPLIST_FILE = ProposalDaisakusen/Info.plist;
				LD_RUNPATH_SEARCH_PATHS = (
					"$(inherited)",
					"@executable_path/Frameworks",
				);
				PRODUCT_BUNDLE_IDENTIFIER = www.HotCatLX.com.ProposalDaisakusen;
				PRODUCT_NAME = "$(TARGET_NAME)";
				SWIFT_VERSION = 5.0;
				TARGETED_DEVICE_FAMILY = "1,2";
			};
			name = Debug;
		};
		3DB8598424F42D0800FD47B4 /* Release */ = {
			isa = XCBuildConfiguration;
			buildSettings = {
				ASSETCATALOG_COMPILER_APPICON_NAME = AppIcon;
				CODE_SIGN_STYLE = Automatic;
				DEVELOPMENT_TEAM = 3D924N92LK;
				INFOPLIST_FILE = ProposalDaisakusen/Info.plist;
				LD_RUNPATH_SEARCH_PATHS = (
					"$(inherited)",
					"@executable_path/Frameworks",
				);
				PRODUCT_BUNDLE_IDENTIFIER = www.HotCatLX.com.ProposalDaisakusen;
				PRODUCT_NAME = "$(TARGET_NAME)";
				SWIFT_VERSION = 5.0;
				TARGETED_DEVICE_FAMILY = "1,2";
			};
			name = Release;
		};
		3DB8598624F42D0800FD47B4 /* Debug */ = {
			isa = XCBuildConfiguration;
			buildSettings = {
				ALWAYS_EMBED_SWIFT_STANDARD_LIBRARIES = YES;
				BUNDLE_LOADER = "$(TEST_HOST)";
				CODE_SIGN_STYLE = Automatic;
				DEVELOPMENT_TEAM = 3D924N92LK;
				INFOPLIST_FILE = ProposalDaisakusenTests/Info.plist;
				IPHONEOS_DEPLOYMENT_TARGET = 13.2;
				LD_RUNPATH_SEARCH_PATHS = (
					"$(inherited)",
					"@executable_path/Frameworks",
					"@loader_path/Frameworks",
				);
				PRODUCT_BUNDLE_IDENTIFIER = www.HotCatLX.com.ProposalDaisakusenTests;
				PRODUCT_NAME = "$(TARGET_NAME)";
				SWIFT_VERSION = 5.0;
				TARGETED_DEVICE_FAMILY = "1,2";
				TEST_HOST = "$(BUILT_PRODUCTS_DIR)/ProposalDaisakusen.app/ProposalDaisakusen";
			};
			name = Debug;
		};
		3DB8598724F42D0800FD47B4 /* Release */ = {
			isa = XCBuildConfiguration;
			buildSettings = {
				ALWAYS_EMBED_SWIFT_STANDARD_LIBRARIES = YES;
				BUNDLE_LOADER = "$(TEST_HOST)";
				CODE_SIGN_STYLE = Automatic;
				DEVELOPMENT_TEAM = 3D924N92LK;
				INFOPLIST_FILE = ProposalDaisakusenTests/Info.plist;
				IPHONEOS_DEPLOYMENT_TARGET = 13.2;
				LD_RUNPATH_SEARCH_PATHS = (
					"$(inherited)",
					"@executable_path/Frameworks",
					"@loader_path/Frameworks",
				);
				PRODUCT_BUNDLE_IDENTIFIER = www.HotCatLX.com.ProposalDaisakusenTests;
				PRODUCT_NAME = "$(TARGET_NAME)";
				SWIFT_VERSION = 5.0;
				TARGETED_DEVICE_FAMILY = "1,2";
				TEST_HOST = "$(BUILT_PRODUCTS_DIR)/ProposalDaisakusen.app/ProposalDaisakusen";
			};
			name = Release;
		};
		3DB8598924F42D0800FD47B4 /* Debug */ = {
			isa = XCBuildConfiguration;
			buildSettings = {
				ALWAYS_EMBED_SWIFT_STANDARD_LIBRARIES = YES;
				CODE_SIGN_STYLE = Automatic;
				DEVELOPMENT_TEAM = 3D924N92LK;
				INFOPLIST_FILE = ProposalDaisakusenUITests/Info.plist;
				LD_RUNPATH_SEARCH_PATHS = (
					"$(inherited)",
					"@executable_path/Frameworks",
					"@loader_path/Frameworks",
				);
				PRODUCT_BUNDLE_IDENTIFIER = www.HotCatLX.com.ProposalDaisakusenUITests;
				PRODUCT_NAME = "$(TARGET_NAME)";
				SWIFT_VERSION = 5.0;
				TARGETED_DEVICE_FAMILY = "1,2";
				TEST_TARGET_NAME = ProposalDaisakusen;
			};
			name = Debug;
		};
		3DB8598A24F42D0800FD47B4 /* Release */ = {
			isa = XCBuildConfiguration;
			buildSettings = {
				ALWAYS_EMBED_SWIFT_STANDARD_LIBRARIES = YES;
				CODE_SIGN_STYLE = Automatic;
				DEVELOPMENT_TEAM = 3D924N92LK;
				INFOPLIST_FILE = ProposalDaisakusenUITests/Info.plist;
				LD_RUNPATH_SEARCH_PATHS = (
					"$(inherited)",
					"@executable_path/Frameworks",
					"@loader_path/Frameworks",
				);
				PRODUCT_BUNDLE_IDENTIFIER = www.HotCatLX.com.ProposalDaisakusenUITests;
				PRODUCT_NAME = "$(TARGET_NAME)";
				SWIFT_VERSION = 5.0;
				TARGETED_DEVICE_FAMILY = "1,2";
				TEST_TARGET_NAME = ProposalDaisakusen;
			};
			name = Release;
		};
/* End XCBuildConfiguration section */

/* Begin XCConfigurationList section */
		3DB8595324F42D0600FD47B4 /* Build configuration list for PBXProject "ProposalDaisakusen" */ = {
			isa = XCConfigurationList;
			buildConfigurations = (
				3DB8598024F42D0800FD47B4 /* Debug */,
				3DB8598124F42D0800FD47B4 /* Release */,
			);
			defaultConfigurationIsVisible = 0;
			defaultConfigurationName = Release;
		};
		3DB8598224F42D0800FD47B4 /* Build configuration list for PBXNativeTarget "ProposalDaisakusen" */ = {
			isa = XCConfigurationList;
			buildConfigurations = (
				3DB8598324F42D0800FD47B4 /* Debug */,
				3DB8598424F42D0800FD47B4 /* Release */,
			);
			defaultConfigurationIsVisible = 0;
			defaultConfigurationName = Release;
		};
		3DB8598524F42D0800FD47B4 /* Build configuration list for PBXNativeTarget "ProposalDaisakusenTests" */ = {
			isa = XCConfigurationList;
			buildConfigurations = (
				3DB8598624F42D0800FD47B4 /* Debug */,
				3DB8598724F42D0800FD47B4 /* Release */,
			);
			defaultConfigurationIsVisible = 0;
			defaultConfigurationName = Release;
		};
		3DB8598824F42D0800FD47B4 /* Build configuration list for PBXNativeTarget "ProposalDaisakusenUITests" */ = {
			isa = XCConfigurationList;
			buildConfigurations = (
				3DB8598924F42D0800FD47B4 /* Debug */,
				3DB8598A24F42D0800FD47B4 /* Release */,
			);
			defaultConfigurationIsVisible = 0;
			defaultConfigurationName = Release;
		};
/* End XCConfigurationList section */
	};
	rootObject = 3DB8595024F42D0600FD47B4 /* Project object */;
}
